<?xml version="1.0" encoding="UTF-8" standalone="yes" ?>
<CodeBlocks_project_file>
	<FileVersion major="1" minor="6" />
	<Project>
		<Option title="pccp" />
		<Option pch_mode="2" />
		<Option compiler="gcc" />
		<Build>
			<Target title="Debug">
				<Option output="bin/Debug/pccp" prefix_auto="1" extension_auto="1" />
				<Option object_output="obj/Debug/" />
				<Option type="1" />
				<Option compiler="gcc" />
				<Compiler>
					<Add option="-g" />
				</Compiler>
			</Target>
			<Target title="Release">
				<Option output="bin/Release/pccp" prefix_auto="1" extension_auto="1" />
				<Option object_output="obj/Release/" />
				<Option type="1" />
				<Option compiler="gcc" />
				<Compiler>
					<Add option="-O2" />
				</Compiler>
				<Linker>
					<Add option="-s" />
				</Linker>
			</Target>
		</Build>
		<Compiler>
			<Add option="-Wall" />
			<Add option="-fexceptions" />
		</Compiler>
		<Unit filename="include/TBranch.h" />
		<Unit filename="include/TBuscaLocal.h" />
		<Unit filename="include/THMelhorPar.h" />
		<Unit filename="include/THPareto.h" />
		<Unit filename="include/THPareto2.h" />
		<Unit filename="include/TInstancia.h" />
		<Unit filename="include/TMonitor.h" />
		<Unit filename="include/TPar.h" />
		<Unit filename="include/TParesPareto.h" />
		<Unit filename="main.cpp" />
		<Unit filename="src/TBranch.cpp" />
		<Unit filename="src/TBuscaLocal.cpp" />
		<Unit filename="src/THMelhorPar.cpp" />
		<Unit filename="src/THPareto.cpp" />
		<Unit filename="src/THPareto2.cpp" />
		<Unit filename="src/TInstancia.cpp" />
		<Unit filename="src/TMonitor.cpp" />
		<Unit filename="src/TPar.cpp" />
		<Unit filename="src/TParesPareto.cpp" />
		<Extensions>
			<code_completion />
			<envvars />
			<debugger />
			<lib_finder disable_auto="1" />
		</Extensions>
	</Project>
</CodeBlocks_project_file>
